
Microsoft Visual Studio Solution File, Format Version 12.00
# Visual Studio Express 2013 for Windows Desktop
VisualStudioVersion = 12.0.21005.1
MinimumVisualStudioVersion = 10.0.40219.1
Project("{FAE04EC0-301F-11D3-BF4B-00C04F79EFBC}") = "01.ValueExchange", "01.ValueExchange\01.ValueExchange.csproj", "{3D5B1B00-B151-48CA-B229-494C3B4218D2}"
EndProject
Project("{FAE04EC0-301F-11D3-BF4B-00C04F79EFBC}") = "02.ProductSign", "02.ProductSign\02.ProductSign.csproj", "{98B3A4FA-58E7-41C7-98BF-A0BC628BAE4D}"
EndProject
Project("{FAE04EC0-301F-11D3-BF4B-00C04F79EFBC}") = "03.BiggestOfThree", "03.BiggestOfThree\03.BiggestOfThree.csproj", "{7A311653-6F60-4B0E-A3EC-88C73BEE7A13}"
EndProject
Project("{FAE04EC0-301F-11D3-BF4B-00C04F79EFBC}") = "04.DescendingOrder", "04.DescendingOrder\04.DescendingOrder.csproj", "{0498CA99-6BA1-46AD-B834-6D6726206F3B}"
EndProject
Project("{FAE04EC0-301F-11D3-BF4B-00C04F79EFBC}") = "05.DigitName", "05.DigitName\05.DigitName.csproj", "{0B07CFAA-2180-46C0-9F86-FF894F9F2E61}"
EndProject
Project("{FAE04EC0-301F-11D3-BF4B-00C04F79EFBC}") = "06.QuadraticEquation", "06.QuadraticEquation\06.QuadraticEquation.csproj", "{8835478A-2644-4BFF-965D-683918981C56}"
EndProject
Project("{FAE04EC0-301F-11D3-BF4B-00C04F79EFBC}") = "07.GreatestOfFive", "07.GreatestOfFive\07.GreatestOfFive.csproj", "{7684BCDE-38B7-4F7C-BD81-EC7B1E23F751}"
EndProject
Project("{FAE04EC0-301F-11D3-BF4B-00C04F79EFBC}") = "08.UserChoice", "08.UserChoice\08.UserChoice.csproj", "{3371133A-BEA5-4AB5-A5BD-DACCEA04E6FD}"
EndProject
Project("{FAE04EC0-301F-11D3-BF4B-00C04F79EFBC}") = "09.SumOfSubset", "09.SumOfSubset\09.SumOfSubset.csproj", "{EDE45D93-1EB0-4922-836B-34DF46466471}"
EndProject
Project("{FAE04EC0-301F-11D3-BF4B-00C04F79EFBC}") = "10.AppliedBonus", "10.AppliedBonus\10.AppliedBonus.csproj", "{FD389065-2FED-4ED5-A644-5569E569EFEB}"
EndProject
Project("{FAE04EC0-301F-11D3-BF4B-00C04F79EFBC}") = "11.NumberConvert", "11.NumberConvert\11.NumberConvert.csproj", "{265E407E-E0F5-4CFD-BDAB-3C05DCAA63E0}"
EndProject
Global
	GlobalSection(SolutionConfigurationPlatforms) = preSolution
		Debug|Any CPU = Debug|Any CPU
		Release|Any CPU = Release|Any CPU
	EndGlobalSection
	GlobalSection(ProjectConfigurationPlatforms) = postSolution
		{3D5B1B00-B151-48CA-B229-494C3B4218D2}.Debug|Any CPU.ActiveCfg = Debug|Any CPU
		{3D5B1B00-B151-48CA-B229-494C3B4218D2}.Debug|Any CPU.Build.0 = Debug|Any CPU
		{3D5B1B00-B151-48CA-B229-494C3B4218D2}.Release|Any CPU.ActiveCfg = Release|Any CPU
		{3D5B1B00-B151-48CA-B229-494C3B4218D2}.Release|Any CPU.Build.0 = Release|Any CPU
		{98B3A4FA-58E7-41C7-98BF-A0BC628BAE4D}.Debug|Any CPU.ActiveCfg = Debug|Any CPU
		{98B3A4FA-58E7-41C7-98BF-A0BC628BAE4D}.Debug|Any CPU.Build.0 = Debug|Any CPU
		{98B3A4FA-58E7-41C7-98BF-A0BC628BAE4D}.Release|Any CPU.ActiveCfg = Release|Any CPU
		{98B3A4FA-58E7-41C7-98BF-A0BC628BAE4D}.Release|Any CPU.Build.0 = Release|Any CPU
		{7A311653-6F60-4B0E-A3EC-88C73BEE7A13}.Debug|Any CPU.ActiveCfg = Debug|Any CPU
		{7A311653-6F60-4B0E-A3EC-88C73BEE7A13}.Debug|Any CPU.Build.0 = Debug|Any CPU
		{7A311653-6F60-4B0E-A3EC-88C73BEE7A13}.Release|Any CPU.ActiveCfg = Release|Any CPU
		{7A311653-6F60-4B0E-A3EC-88C73BEE7A13}.Release|Any CPU.Build.0 = Release|Any CPU
		{0498CA99-6BA1-46AD-B834-6D6726206F3B}.Debug|Any CPU.ActiveCfg = Debug|Any CPU
		{0498CA99-6BA1-46AD-B834-6D6726206F3B}.Debug|Any CPU.Build.0 = Debug|Any CPU
		{0498CA99-6BA1-46AD-B834-6D6726206F3B}.Release|Any CPU.ActiveCfg = Release|Any CPU
		{0498CA99-6BA1-46AD-B834-6D6726206F3B}.Release|Any CPU.Build.0 = Release|Any CPU
		{0B07CFAA-2180-46C0-9F86-FF894F9F2E61}.Debug|Any CPU.ActiveCfg = Debug|Any CPU
		{0B07CFAA-2180-46C0-9F86-FF894F9F2E61}.Debug|Any CPU.Build.0 = Debug|Any CPU
		{0B07CFAA-2180-46C0-9F86-FF894F9F2E61}.Release|Any CPU.ActiveCfg = Release|Any CPU
		{0B07CFAA-2180-46C0-9F86-FF894F9F2E61}.Release|Any CPU.Build.0 = Release|Any CPU
		{8835478A-2644-4BFF-965D-683918981C56}.Debug|Any CPU.ActiveCfg = Debug|Any CPU
		{8835478A-2644-4BFF-965D-683918981C56}.Debug|Any CPU.Build.0 = Debug|Any CPU
		{8835478A-2644-4BFF-965D-683918981C56}.Release|Any CPU.ActiveCfg = Release|Any CPU
		{8835478A-2644-4BFF-965D-683918981C56}.Release|Any CPU.Build.0 = Release|Any CPU
		{7684BCDE-38B7-4F7C-BD81-EC7B1E23F751}.Debug|Any CPU.ActiveCfg = Debug|Any CPU
		{7684BCDE-38B7-4F7C-BD81-EC7B1E23F751}.Debug|Any CPU.Build.0 = Debug|Any CPU
		{7684BCDE-38B7-4F7C-BD81-EC7B1E23F751}.Release|Any CPU.ActiveCfg = Release|Any CPU
		{7684BCDE-38B7-4F7C-BD81-EC7B1E23F751}.Release|Any CPU.Build.0 = Release|Any CPU
		{3371133A-BEA5-4AB5-A5BD-DACCEA04E6FD}.Debug|Any CPU.ActiveCfg = Debug|Any CPU
		{3371133A-BEA5-4AB5-A5BD-DACCEA04E6FD}.Debug|Any CPU.Build.0 = Debug|Any CPU
		{3371133A-BEA5-4AB5-A5BD-DACCEA04E6FD}.Release|Any CPU.ActiveCfg = Release|Any CPU
		{3371133A-BEA5-4AB5-A5BD-DACCEA04E6FD}.Release|Any CPU.Build.0 = Release|Any CPU
		{EDE45D93-1EB0-4922-836B-34DF46466471}.Debug|Any CPU.ActiveCfg = Debug|Any CPU
		{EDE45D93-1EB0-4922-836B-34DF46466471}.Debug|Any CPU.Build.0 = Debug|Any CPU
		{EDE45D93-1EB0-4922-836B-34DF46466471}.Release|Any CPU.ActiveCfg = Release|Any CPU
		{EDE45D93-1EB0-4922-836B-34DF46466471}.Release|Any CPU.Build.0 = Release|Any CPU
		{FD389065-2FED-4ED5-A644-5569E569EFEB}.Debug|Any CPU.ActiveCfg = Debug|Any CPU
		{FD389065-2FED-4ED5-A644-5569E569EFEB}.Debug|Any CPU.Build.0 = Debug|Any CPU
		{FD389065-2FED-4ED5-A644-5569E569EFEB}.Release|Any CPU.ActiveCfg = Release|Any CPU
		{FD389065-2FED-4ED5-A644-5569E569EFEB}.Release|Any CPU.Build.0 = Release|Any CPU
		{265E407E-E0F5-4CFD-BDAB-3C05DCAA63E0}.Debug|Any CPU.ActiveCfg = Debug|Any CPU
		{265E407E-E0F5-4CFD-BDAB-3C05DCAA63E0}.Debug|Any CPU.Build.0 = Debug|Any CPU
		{265E407E-E0F5-4CFD-BDAB-3C05DCAA63E0}.Release|Any CPU.ActiveCfg = Release|Any CPU
		{265E407E-E0F5-4CFD-BDAB-3C05DCAA63E0}.Release|Any CPU.Build.0 = Release|Any CPU
	EndGlobalSection
	GlobalSection(SolutionProperties) = preSolution
		HideSolutionNode = FALSE
	EndGlobalSection
EndGlobal
