
Microsoft Visual Studio Solution File, Format Version 12.00
# Visual Studio 2013
VisualStudioVersion = 12.0.30501.0
MinimumVisualStudioVersion = 10.0.40219.1
Project("{FAE04EC0-301F-11D3-BF4B-00C04F79EFBC}") = "ATMSystemDbModel", "ATMSystemDbModel\ATMSystemDbModel.csproj", "{3C672196-B717-4778-AA06-BE87156287A4}"
EndProject
Project("{FAE04EC0-301F-11D3-BF4B-00C04F79EFBC}") = "ATMSystem.Data", "ATMSystem.Data\ATMSystem.Data.csproj", "{59637CB3-9DD6-4B1D-9F37-CA0993C24358}"
EndProject
Project("{FAE04EC0-301F-11D3-BF4B-00C04F79EFBC}") = "ATMSystem.ConsoleClient", "ATMSystem.ConsoleClient\ATMSystem.ConsoleClient.csproj", "{8EE7D7DB-94F8-44D8-A09F-48D40EDCF807}"
EndProject
Global
	GlobalSection(SolutionConfigurationPlatforms) = preSolution
		Debug|Any CPU = Debug|Any CPU
		Release|Any CPU = Release|Any CPU
	EndGlobalSection
	GlobalSection(ProjectConfigurationPlatforms) = postSolution
		{3C672196-B717-4778-AA06-BE87156287A4}.Debug|Any CPU.ActiveCfg = Debug|Any CPU
		{3C672196-B717-4778-AA06-BE87156287A4}.Debug|Any CPU.Build.0 = Debug|Any CPU
		{3C672196-B717-4778-AA06-BE87156287A4}.Release|Any CPU.ActiveCfg = Release|Any CPU
		{3C672196-B717-4778-AA06-BE87156287A4}.Release|Any CPU.Build.0 = Release|Any CPU
		{59637CB3-9DD6-4B1D-9F37-CA0993C24358}.Debug|Any CPU.ActiveCfg = Debug|Any CPU
		{59637CB3-9DD6-4B1D-9F37-CA0993C24358}.Debug|Any CPU.Build.0 = Debug|Any CPU
		{59637CB3-9DD6-4B1D-9F37-CA0993C24358}.Release|Any CPU.ActiveCfg = Release|Any CPU
		{59637CB3-9DD6-4B1D-9F37-CA0993C24358}.Release|Any CPU.Build.0 = Release|Any CPU
		{8EE7D7DB-94F8-44D8-A09F-48D40EDCF807}.Debug|Any CPU.ActiveCfg = Debug|Any CPU
		{8EE7D7DB-94F8-44D8-A09F-48D40EDCF807}.Debug|Any CPU.Build.0 = Debug|Any CPU
		{8EE7D7DB-94F8-44D8-A09F-48D40EDCF807}.Release|Any CPU.ActiveCfg = Release|Any CPU
		{8EE7D7DB-94F8-44D8-A09F-48D40EDCF807}.Release|Any CPU.Build.0 = Release|Any CPU
	EndGlobalSection
	GlobalSection(SolutionProperties) = preSolution
		HideSolutionNode = FALSE
	EndGlobalSection
EndGlobal
