
Microsoft Visual Studio Solution File, Format Version 12.00
# Visual Studio 2013
VisualStudioVersion = 12.0.21005.1
MinimumVisualStudioVersion = 10.0.40219.1
Project("{FAE04EC0-301F-11D3-BF4B-00C04F79EFBC}") = "01.DecimalToBin", "01.DecimalToBin\01.DecimalToBin.csproj", "{D8434BC5-3DE3-4439-BBA2-1ADA9C077971}"
EndProject
Project("{FAE04EC0-301F-11D3-BF4B-00C04F79EFBC}") = "02.BinToDec", "2.BinToDec\02.BinToDec.csproj", "{48878970-80A3-4AC6-BE37-66D09DAA04C7}"
EndProject
Project("{FAE04EC0-301F-11D3-BF4B-00C04F79EFBC}") = "03.DecToHex", "03.DecToHex\03.DecToHex.csproj", "{2DDBDEA7-3511-4BF2-ABED-A9830B6FBC29}"
EndProject
Project("{FAE04EC0-301F-11D3-BF4B-00C04F79EFBC}") = "04.HexToDec", "04.HexToDec\04.HexToDec.csproj", "{C5841F23-7BAD-4277-A36E-D7B30493E71B}"
EndProject
Project("{FAE04EC0-301F-11D3-BF4B-00C04F79EFBC}") = "05.HexToBin", "05.HexToBin\05.HexToBin.csproj", "{BC9D05C2-22F7-42D8-83CE-71F45B84264D}"
EndProject
Project("{FAE04EC0-301F-11D3-BF4B-00C04F79EFBC}") = "06.BinToHex", "06.BinToHex\06.BinToHex.csproj", "{38C79CEC-218A-42B1-B2D3-2328EAB86026}"
EndProject
Project("{FAE04EC0-301F-11D3-BF4B-00C04F79EFBC}") = "07.ConvertFromStoD", "07.ConvertFromStoD\07.ConvertFromStoD.csproj", "{EA601E14-89D3-4F26-A993-D4743E79E9F9}"
EndProject
Project("{FAE04EC0-301F-11D3-BF4B-00C04F79EFBC}") = "08.ShortBinRepresentation", "08.ShortBinRepresantation\08.ShortBinRepresentation.csproj", "{F56A7055-BA7D-4532-949E-7C1CA81AAA40}"
EndProject
Global
	GlobalSection(SolutionConfigurationPlatforms) = preSolution
		Debug|Any CPU = Debug|Any CPU
		Release|Any CPU = Release|Any CPU
	EndGlobalSection
	GlobalSection(ProjectConfigurationPlatforms) = postSolution
		{D8434BC5-3DE3-4439-BBA2-1ADA9C077971}.Debug|Any CPU.ActiveCfg = Debug|Any CPU
		{D8434BC5-3DE3-4439-BBA2-1ADA9C077971}.Debug|Any CPU.Build.0 = Debug|Any CPU
		{D8434BC5-3DE3-4439-BBA2-1ADA9C077971}.Release|Any CPU.ActiveCfg = Release|Any CPU
		{D8434BC5-3DE3-4439-BBA2-1ADA9C077971}.Release|Any CPU.Build.0 = Release|Any CPU
		{48878970-80A3-4AC6-BE37-66D09DAA04C7}.Debug|Any CPU.ActiveCfg = Debug|Any CPU
		{48878970-80A3-4AC6-BE37-66D09DAA04C7}.Debug|Any CPU.Build.0 = Debug|Any CPU
		{48878970-80A3-4AC6-BE37-66D09DAA04C7}.Release|Any CPU.ActiveCfg = Release|Any CPU
		{48878970-80A3-4AC6-BE37-66D09DAA04C7}.Release|Any CPU.Build.0 = Release|Any CPU
		{2DDBDEA7-3511-4BF2-ABED-A9830B6FBC29}.Debug|Any CPU.ActiveCfg = Debug|Any CPU
		{2DDBDEA7-3511-4BF2-ABED-A9830B6FBC29}.Debug|Any CPU.Build.0 = Debug|Any CPU
		{2DDBDEA7-3511-4BF2-ABED-A9830B6FBC29}.Release|Any CPU.ActiveCfg = Release|Any CPU
		{2DDBDEA7-3511-4BF2-ABED-A9830B6FBC29}.Release|Any CPU.Build.0 = Release|Any CPU
		{C5841F23-7BAD-4277-A36E-D7B30493E71B}.Debug|Any CPU.ActiveCfg = Debug|Any CPU
		{C5841F23-7BAD-4277-A36E-D7B30493E71B}.Debug|Any CPU.Build.0 = Debug|Any CPU
		{C5841F23-7BAD-4277-A36E-D7B30493E71B}.Release|Any CPU.ActiveCfg = Release|Any CPU
		{C5841F23-7BAD-4277-A36E-D7B30493E71B}.Release|Any CPU.Build.0 = Release|Any CPU
		{BC9D05C2-22F7-42D8-83CE-71F45B84264D}.Debug|Any CPU.ActiveCfg = Debug|Any CPU
		{BC9D05C2-22F7-42D8-83CE-71F45B84264D}.Debug|Any CPU.Build.0 = Debug|Any CPU
		{BC9D05C2-22F7-42D8-83CE-71F45B84264D}.Release|Any CPU.ActiveCfg = Release|Any CPU
		{BC9D05C2-22F7-42D8-83CE-71F45B84264D}.Release|Any CPU.Build.0 = Release|Any CPU
		{38C79CEC-218A-42B1-B2D3-2328EAB86026}.Debug|Any CPU.ActiveCfg = Debug|Any CPU
		{38C79CEC-218A-42B1-B2D3-2328EAB86026}.Debug|Any CPU.Build.0 = Debug|Any CPU
		{38C79CEC-218A-42B1-B2D3-2328EAB86026}.Release|Any CPU.ActiveCfg = Release|Any CPU
		{38C79CEC-218A-42B1-B2D3-2328EAB86026}.Release|Any CPU.Build.0 = Release|Any CPU
		{EA601E14-89D3-4F26-A993-D4743E79E9F9}.Debug|Any CPU.ActiveCfg = Debug|Any CPU
		{EA601E14-89D3-4F26-A993-D4743E79E9F9}.Debug|Any CPU.Build.0 = Debug|Any CPU
		{EA601E14-89D3-4F26-A993-D4743E79E9F9}.Release|Any CPU.ActiveCfg = Release|Any CPU
		{EA601E14-89D3-4F26-A993-D4743E79E9F9}.Release|Any CPU.Build.0 = Release|Any CPU
		{F56A7055-BA7D-4532-949E-7C1CA81AAA40}.Debug|Any CPU.ActiveCfg = Debug|Any CPU
		{F56A7055-BA7D-4532-949E-7C1CA81AAA40}.Debug|Any CPU.Build.0 = Debug|Any CPU
		{F56A7055-BA7D-4532-949E-7C1CA81AAA40}.Release|Any CPU.ActiveCfg = Release|Any CPU
		{F56A7055-BA7D-4532-949E-7C1CA81AAA40}.Release|Any CPU.Build.0 = Release|Any CPU
	EndGlobalSection
	GlobalSection(SolutionProperties) = preSolution
		HideSolutionNode = FALSE
	EndGlobalSection
EndGlobal
