
Microsoft Visual Studio Solution File, Format Version 12.00
# Visual Studio 2013
VisualStudioVersion = 12.0.30501.0
MinimumVisualStudioVersion = 10.0.40219.1
Project("{FAE04EC0-301F-11D3-BF4B-00C04F79EFBC}") = "01.DataAccessWithADO.NET", "DataAccessWithADO.NET\01.DataAccessWithADO.NET.csproj", "{857EDE59-3FD7-442A-B587-5936D991D71C}"
EndProject
Project("{FAE04EC0-301F-11D3-BF4B-00C04F79EFBC}") = "02.CategoriesNamesAndDescription", "02.CategoriesNamesAndDescription\02.CategoriesNamesAndDescription.csproj", "{7C52B4DA-11A8-419F-A938-C420AB167A46}"
EndProject
Project("{FAE04EC0-301F-11D3-BF4B-00C04F79EFBC}") = "03.CategoriesAndProducts", "03.CategoriesAndProducts\03.CategoriesAndProducts.csproj", "{2310DAB5-34CD-4A64-94C0-F72B9BA68ACB}"
EndProject
Project("{FAE04EC0-301F-11D3-BF4B-00C04F79EFBC}") = "04.AddingNewProduct", "04.AddingNewProduct\04.AddingNewProduct.csproj", "{A69D3553-ADC2-49CD-9B81-160641623761}"
EndProject
Project("{FAE04EC0-301F-11D3-BF4B-00C04F79EFBC}") = "05.RetrievingImages", "05.RetrievingImages\05.RetrievingImages.csproj", "{ED137688-E599-45BA-8E72-7D44D03EC08F}"
EndProject
Project("{FAE04EC0-301F-11D3-BF4B-00C04F79EFBC}") = "06.ReadingFromExcel", "06.ReadingFromExcel\06.ReadingFromExcel.csproj", "{DCF86C30-5984-40AD-89E5-7C86586C29C8}"
EndProject
Project("{FAE04EC0-301F-11D3-BF4B-00C04F79EFBC}") = "07.InsertingIntoExcel", "07.InsertingIntoExcel\07.InsertingIntoExcel.csproj", "{5C7C0623-D727-410F-9112-D5AFA440BED8}"
EndProject
Project("{FAE04EC0-301F-11D3-BF4B-00C04F79EFBC}") = "09.PlayingWithMySQLDatabase", "09.PlayingWithMySQLDatabase\09.PlayingWithMySQLDatabase.csproj", "{B8EA2438-CCA2-4A2E-8654-C9A2C669A92A}"
EndProject
Project("{FAE04EC0-301F-11D3-BF4B-00C04F79EFBC}") = "08.SearchingProductsByString", "08.SearchingProductsByString\08.SearchingProductsByString.csproj", "{92885FA2-77ED-47DB-8FF4-C0009D375EBE}"
EndProject
Project("{FAE04EC0-301F-11D3-BF4B-00C04F79EFBC}") = "10.PlayingWithSQLite", "10.PlayingWithSQLite\10.PlayingWithSQLite.csproj", "{8BF22FF4-37A1-4F01-A3AF-9D6149D35B99}"
EndProject
Global
	GlobalSection(SolutionConfigurationPlatforms) = preSolution
		Debug|Any CPU = Debug|Any CPU
		Release|Any CPU = Release|Any CPU
	EndGlobalSection
	GlobalSection(ProjectConfigurationPlatforms) = postSolution
		{857EDE59-3FD7-442A-B587-5936D991D71C}.Debug|Any CPU.ActiveCfg = Debug|Any CPU
		{857EDE59-3FD7-442A-B587-5936D991D71C}.Debug|Any CPU.Build.0 = Debug|Any CPU
		{857EDE59-3FD7-442A-B587-5936D991D71C}.Release|Any CPU.ActiveCfg = Release|Any CPU
		{857EDE59-3FD7-442A-B587-5936D991D71C}.Release|Any CPU.Build.0 = Release|Any CPU
		{7C52B4DA-11A8-419F-A938-C420AB167A46}.Debug|Any CPU.ActiveCfg = Debug|Any CPU
		{7C52B4DA-11A8-419F-A938-C420AB167A46}.Debug|Any CPU.Build.0 = Debug|Any CPU
		{7C52B4DA-11A8-419F-A938-C420AB167A46}.Release|Any CPU.ActiveCfg = Release|Any CPU
		{7C52B4DA-11A8-419F-A938-C420AB167A46}.Release|Any CPU.Build.0 = Release|Any CPU
		{2310DAB5-34CD-4A64-94C0-F72B9BA68ACB}.Debug|Any CPU.ActiveCfg = Debug|Any CPU
		{2310DAB5-34CD-4A64-94C0-F72B9BA68ACB}.Debug|Any CPU.Build.0 = Debug|Any CPU
		{2310DAB5-34CD-4A64-94C0-F72B9BA68ACB}.Release|Any CPU.ActiveCfg = Release|Any CPU
		{2310DAB5-34CD-4A64-94C0-F72B9BA68ACB}.Release|Any CPU.Build.0 = Release|Any CPU
		{A69D3553-ADC2-49CD-9B81-160641623761}.Debug|Any CPU.ActiveCfg = Debug|Any CPU
		{A69D3553-ADC2-49CD-9B81-160641623761}.Debug|Any CPU.Build.0 = Debug|Any CPU
		{A69D3553-ADC2-49CD-9B81-160641623761}.Release|Any CPU.ActiveCfg = Release|Any CPU
		{A69D3553-ADC2-49CD-9B81-160641623761}.Release|Any CPU.Build.0 = Release|Any CPU
		{ED137688-E599-45BA-8E72-7D44D03EC08F}.Debug|Any CPU.ActiveCfg = Debug|Any CPU
		{ED137688-E599-45BA-8E72-7D44D03EC08F}.Debug|Any CPU.Build.0 = Debug|Any CPU
		{ED137688-E599-45BA-8E72-7D44D03EC08F}.Release|Any CPU.ActiveCfg = Release|Any CPU
		{ED137688-E599-45BA-8E72-7D44D03EC08F}.Release|Any CPU.Build.0 = Release|Any CPU
		{DCF86C30-5984-40AD-89E5-7C86586C29C8}.Debug|Any CPU.ActiveCfg = Debug|Any CPU
		{DCF86C30-5984-40AD-89E5-7C86586C29C8}.Debug|Any CPU.Build.0 = Debug|Any CPU
		{DCF86C30-5984-40AD-89E5-7C86586C29C8}.Release|Any CPU.ActiveCfg = Release|Any CPU
		{DCF86C30-5984-40AD-89E5-7C86586C29C8}.Release|Any CPU.Build.0 = Release|Any CPU
		{5C7C0623-D727-410F-9112-D5AFA440BED8}.Debug|Any CPU.ActiveCfg = Debug|Any CPU
		{5C7C0623-D727-410F-9112-D5AFA440BED8}.Debug|Any CPU.Build.0 = Debug|Any CPU
		{5C7C0623-D727-410F-9112-D5AFA440BED8}.Release|Any CPU.ActiveCfg = Release|Any CPU
		{5C7C0623-D727-410F-9112-D5AFA440BED8}.Release|Any CPU.Build.0 = Release|Any CPU
		{B8EA2438-CCA2-4A2E-8654-C9A2C669A92A}.Debug|Any CPU.ActiveCfg = Debug|Any CPU
		{B8EA2438-CCA2-4A2E-8654-C9A2C669A92A}.Debug|Any CPU.Build.0 = Debug|Any CPU
		{B8EA2438-CCA2-4A2E-8654-C9A2C669A92A}.Release|Any CPU.ActiveCfg = Release|Any CPU
		{B8EA2438-CCA2-4A2E-8654-C9A2C669A92A}.Release|Any CPU.Build.0 = Release|Any CPU
		{92885FA2-77ED-47DB-8FF4-C0009D375EBE}.Debug|Any CPU.ActiveCfg = Debug|Any CPU
		{92885FA2-77ED-47DB-8FF4-C0009D375EBE}.Debug|Any CPU.Build.0 = Debug|Any CPU
		{92885FA2-77ED-47DB-8FF4-C0009D375EBE}.Release|Any CPU.ActiveCfg = Release|Any CPU
		{92885FA2-77ED-47DB-8FF4-C0009D375EBE}.Release|Any CPU.Build.0 = Release|Any CPU
		{8BF22FF4-37A1-4F01-A3AF-9D6149D35B99}.Debug|Any CPU.ActiveCfg = Debug|Any CPU
		{8BF22FF4-37A1-4F01-A3AF-9D6149D35B99}.Debug|Any CPU.Build.0 = Debug|Any CPU
		{8BF22FF4-37A1-4F01-A3AF-9D6149D35B99}.Release|Any CPU.ActiveCfg = Release|Any CPU
		{8BF22FF4-37A1-4F01-A3AF-9D6149D35B99}.Release|Any CPU.Build.0 = Release|Any CPU
	EndGlobalSection
	GlobalSection(SolutionProperties) = preSolution
		HideSolutionNode = FALSE
	EndGlobalSection
EndGlobal
