
Microsoft Visual Studio Solution File, Format Version 12.00
# Visual Studio 2013
VisualStudioVersion = 12.0.21005.1
MinimumVisualStudioVersion = 10.0.40219.1
Project("{FAE04EC0-301F-11D3-BF4B-00C04F79EFBC}") = "01.Geometry", "01.Geometry\01.Geometry.csproj", "{5FC2DBCD-A35D-49FB-9A20-3FE11DA50AAD}"
EndProject
Project("{FAE04EC0-301F-11D3-BF4B-00C04F79EFBC}") = "02.BankSystem", "BankSystem\02.BankSystem.csproj", "{B4CD5C78-1222-47AF-979F-12AFFB706E04}"
EndProject
Project("{FAE04EC0-301F-11D3-BF4B-00C04F79EFBC}") = "03.ExceptionImplementation", "03.ExceptionImplementation\03.ExceptionImplementation.csproj", "{AD23C870-6030-4B67-B339-09919F9735B9}"
EndProject
Global
	GlobalSection(SolutionConfigurationPlatforms) = preSolution
		Debug|Any CPU = Debug|Any CPU
		Release|Any CPU = Release|Any CPU
	EndGlobalSection
	GlobalSection(ProjectConfigurationPlatforms) = postSolution
		{5FC2DBCD-A35D-49FB-9A20-3FE11DA50AAD}.Debug|Any CPU.ActiveCfg = Debug|Any CPU
		{5FC2DBCD-A35D-49FB-9A20-3FE11DA50AAD}.Debug|Any CPU.Build.0 = Debug|Any CPU
		{5FC2DBCD-A35D-49FB-9A20-3FE11DA50AAD}.Release|Any CPU.ActiveCfg = Release|Any CPU
		{5FC2DBCD-A35D-49FB-9A20-3FE11DA50AAD}.Release|Any CPU.Build.0 = Release|Any CPU
		{B4CD5C78-1222-47AF-979F-12AFFB706E04}.Debug|Any CPU.ActiveCfg = Debug|Any CPU
		{B4CD5C78-1222-47AF-979F-12AFFB706E04}.Debug|Any CPU.Build.0 = Debug|Any CPU
		{B4CD5C78-1222-47AF-979F-12AFFB706E04}.Release|Any CPU.ActiveCfg = Release|Any CPU
		{B4CD5C78-1222-47AF-979F-12AFFB706E04}.Release|Any CPU.Build.0 = Release|Any CPU
		{AD23C870-6030-4B67-B339-09919F9735B9}.Debug|Any CPU.ActiveCfg = Debug|Any CPU
		{AD23C870-6030-4B67-B339-09919F9735B9}.Debug|Any CPU.Build.0 = Debug|Any CPU
		{AD23C870-6030-4B67-B339-09919F9735B9}.Release|Any CPU.ActiveCfg = Release|Any CPU
		{AD23C870-6030-4B67-B339-09919F9735B9}.Release|Any CPU.Build.0 = Release|Any CPU
	EndGlobalSection
	GlobalSection(SolutionProperties) = preSolution
		HideSolutionNode = FALSE
	EndGlobalSection
EndGlobal
